
Microsoft Visual Studio Solution File, Format Version 12.00
# Visual Studio Version 17
VisualStudioVersion = 17.4.33213.308
MinimumVisualStudioVersion = 10.0.40219.1
Project("{FAE04EC0-301F-11D3-BF4B-00C04F79EFBC}") = "Assignment3", "Assignment3\Assignment3.csproj", "{87464CB7-73DB-4922-83F4-5C789C6BCB79}"
EndProject
Global
	GlobalSection(SolutionConfigurationPlatforms) = preSolution
		Debug|Any CPU = Debug|Any CPU
		Release|Any CPU = Release|Any CPU
	EndGlobalSection
	GlobalSection(ProjectConfigurationPlatforms) = postSolution
		{87464CB7-73DB-4922-83F4-5C789C6BCB79}.Debug|Any CPU.ActiveCfg = Debug|Any CPU
		{87464CB7-73DB-4922-83F4-5C789C6BCB79}.Debug|Any CPU.Build.0 = Debug|Any CPU
		{87464CB7-73DB-4922-83F4-5C789C6BCB79}.Release|Any CPU.ActiveCfg = Release|Any CPU
		{87464CB7-73DB-4922-83F4-5C789C6BCB79}.Release|Any CPU.Build.0 = Release|Any CPU
	EndGlobalSection
	GlobalSection(SolutionProperties) = preSolution
		HideSolutionNode = FALSE
	EndGlobalSection
	GlobalSection(ExtensibilityGlobals) = postSolution
		SolutionGuid = {DAD36E37-8F11-4EAE-B7D5-FEF7A990C3A3}
	EndGlobalSection
EndGlobal
