
Microsoft Visual Studio Solution File, Format Version 12.00
# Visual Studio Version 17
VisualStudioVersion = 17.4.33205.214
MinimumVisualStudioVersion = 10.0.40219.1
Project("{9A19103F-16F7-4668-BE54-9A1E7A4F7556}") = "Assignment01", "Assignment01.csproj", "{89265BF9-DBD6-4E67-8BBE-42B304AE4C55}"
EndProject
Global
	GlobalSection(SolutionConfigurationPlatforms) = preSolution
		Debug|Any CPU = Debug|Any CPU
		Release|Any CPU = Release|Any CPU
	EndGlobalSection
	GlobalSection(ProjectConfigurationPlatforms) = postSolution
		{89265BF9-DBD6-4E67-8BBE-42B304AE4C55}.Debug|Any CPU.ActiveCfg = Debug|Any CPU
		{89265BF9-DBD6-4E67-8BBE-42B304AE4C55}.Debug|Any CPU.Build.0 = Debug|Any CPU
		{89265BF9-DBD6-4E67-8BBE-42B304AE4C55}.Release|Any CPU.ActiveCfg = Release|Any CPU
		{89265BF9-DBD6-4E67-8BBE-42B304AE4C55}.Release|Any CPU.Build.0 = Release|Any CPU
	EndGlobalSection
	GlobalSection(SolutionProperties) = preSolution
		HideSolutionNode = FALSE
	EndGlobalSection
	GlobalSection(ExtensibilityGlobals) = postSolution
		SolutionGuid = {74AF7280-48E4-413B-B866-E0AF2B40D825}
	EndGlobalSection
EndGlobal
